{
  "nodes": {
    "home-manager": {
      "inputs": {
        "nixpkgs": [
          "nixpkgs"
        ]
      },
      "locked": {
        "lastModified": 1716729631,
        "narHash": "sha256-IerjU5GUeKc0eW9FPOdlPveSGJ2ZrO+lIfuHPUmUF2I=",
        "owner": "nix-community",
        "repo": "home-manager",
        "rev": "fc4492181833eaaa7a26a8081c0615d95792d825",
        "type": "github"
      },
      "original": {
        "owner": "nix-community",
        "ref": "release-23.05",
        "repo": "home-manager",
        "type": "github"
      }
    },
    "mypkgs": {
      "inputs": {
        "nixpkgs": "nixpkgs"
      },
      "locked": {
        "lastModified": 1676557764,
        "narHash": "sha256-Eosq5SOUTcsQ2v3XDaa2E/CeaUWdCcxxNFMV7hmemzM=",
        "owner": "EvanPiro",
        "repo": "mypkgs",
        "rev": "12cdedfacff5fca9ea6277c8c8e96ebb9143b402",
        "type": "github"
      },
      "original": {
        "owner": "EvanPiro",
        "repo": "mypkgs",
        "type": "github"
      }
    },
    "nixos-hardware": {
      "locked": {
        "lastModified": 1737578558,
        "narHash": "sha256-fOncumCxJ3YudFTGkp60yZ/GikmgDqunxYhQFmpN6Po=",
        "owner": "nixos",
        "repo": "nixos-hardware",
        "rev": "5f052b26634916036d20ee92e2819db0fb7d2d87",
        "type": "github"
      },
      "original": {
        "owner": "nixos",
        "repo": "nixos-hardware",
        "type": "github"
      }
    },
    "nixpkgs": {
      "locked": {
        "lastModified": 1671564233,
        "narHash": "sha256-O6wJwFMgpx2WPgz8ihbYxRGvsuTU64QhFkXt7vJgWe0=",
        "owner": "EvanPiro",
        "repo": "nixpkgs",
        "rev": "5ddd3c9fe322c34710a7b6dcd1653c4555230970",
        "type": "github"
      },
      "original": {
        "owner": "EvanPiro",
        "repo": "nixpkgs",
        "type": "github"
      }
    },
    "nixpkgs_2": {
      "locked": {
        "lastModified": 1685566663,
        "narHash": "sha256-btHN1czJ6rzteeCuE/PNrdssqYD2nIA4w48miQAFloM=",
        "owner": "NixOS",
        "repo": "nixpkgs",
        "rev": "4ecab3273592f27479a583fb6d975d4aba3486fe",
        "type": "github"
      },
      "original": {
        "owner": "NixOS",
        "ref": "23.05",
        "repo": "nixpkgs",
        "type": "github"
      }
    },
    "root": {
      "inputs": {
        "home-manager": "home-manager",
        "mypkgs": "mypkgs",
        "nixos-hardware": "nixos-hardware",
        "nixpkgs": "nixpkgs_2"
      }
    }
  },
  "root": "root",
  "version": 7
}
